<?xml version="1.0" encoding="utf-8"?>
<Project ToolsVersion="4.0" xmlns="http://schemas.microsoft.com/developer/msbuild/2003">
  <ItemGroup>
    <Filter Include="Source Files">
      <UniqueIdentifier>{4FC737F1-C7A5-4376-A066-2A32D752A2FF}</UniqueIdentifier>
      <Extensions>cpp;c;cc;cxx;def;odl;idl;hpj;bat;asm;asmx</Extensions>
    </Filter>
    <Filter Include="Resource Files">
      <UniqueIdentifier>{67DA6AB6-F800-4c08-8B7A-83BB121AAD01}</UniqueIdentifier>
      <Extensions>rc;ico;cur;bmp;dlg;rc2;rct;bin;rgs;gif;jpg;jpeg;jpe;resx;tiff;tif;png;wav;mfcribbon-ms</Extensions>
    </Filter>
    <Filter Include="Source Files\lib">
      <UniqueIdentifier>{09a9b368-5b87-4ca2-a555-c64cf0aefb19}</UniqueIdentifier>
    </Filter>
    <Filter Include="Header Files">
      <UniqueIdentifier>{93995380-89BD-4b04-88EB-625FBE52EBFB}</UniqueIdentifier>
      <Extensions>h;hpp;hxx;hm;inl;inc;xsd</Extensions>
    </Filter>
    <Filter Include="Header Files\lib">
      <UniqueIdentifier>{752b9754-2f07-4700-92e8-4ddc1877cf76}</UniqueIdentifier>
    </Filter>
  </ItemGroup>
  <ItemGroup>
    <ClCompile Include="lib\animaciones.cpp">
      <Filter>Source Files\lib</Filter>
    </ClCompile>
    <ClCompile Include="lib\debug.cpp">
      <Filter>Source Files\lib</Filter>
    </ClCompile>
    <ClCompile Include="lib\event.cpp">
      <Filter>Source Files\lib</Filter>
    </ClCompile>
    <ClCompile Include="lib\image_png.cpp">
      <Filter>Source Files\lib</Filter>
    </ClCompile>
    <ClCompile Include="lib\keyboard.cpp">
      <Filter>Source Files\lib</Filter>
    </ClCompile>
    <ClCompile Include="lib\mouse.cpp">
      <Filter>Source Files\lib</Filter>
    </ClCompile>
    <ClCompile Include="lib\sound.c">
      <Filter>Source Files\lib</Filter>
    </ClCompile>
    <ClCompile Include="lib\sprites.cpp">
      <Filter>Source Files\lib</Filter>
    </ClCompile>
    <ClCompile Include="lib\stb_vorbis.c">
      <Filter>Source Files\lib</Filter>
    </ClCompile>
    <ClCompile Include="lib\video.cpp">
      <Filter>Source Files\lib</Filter>
    </ClCompile>
    <ClCompile Include="lib\Grafic.cpp">
      <Filter>Source Files\lib</Filter>
    </ClCompile>
    <ClCompile Include="Area.cpp">
      <Filter>Source Files</Filter>
    </ClCompile>
    <ClCompile Include="Vehicle.cpp">
      <Filter>Source Files</Filter>
    </ClCompile>
    <ClCompile Include="Granota.cpp">
      <Filter>Source Files</Filter>
    </ClCompile>
    <ClCompile Include="Cova.cpp">
      <Filter>Source Files</Filter>
    </ClCompile>
    <ClCompile Include="Pantalla.cpp">
      <Filter>Source Files</Filter>
    </ClCompile>
    <ClCompile Include="GestioResultats.cpp">
      <Filter>Source Files</Filter>
    </ClCompile>
    <ClCompile Include="Joc.cpp">
      <Filter>Source Files</Filter>
    </ClCompile>
    <ClCompile Include="Menu.cpp">
      <Filter>Source Files</Filter>
    </ClCompile>
    <ClCompile Include="Principal.cpp">
      <Filter>Source Files</Filter>
    </ClCompile>
    <ClCompile Include="Carril.cpp">
      <Filter>Source Files</Filter>
    </ClCompile>
    <ClCompile Include="Cua.cpp">
      <Filter>Source Files</Filter>
    </ClCompile>
    <ClCompile Include="Iterador.cpp">
      <Filter>Source Files</Filter>
    </ClCompile>
    <ClCompile Include="Node.cpp">
      <Filter>Source Files</Filter>
    </ClCompile>
  </ItemGroup>
  <ItemGroup>
    <ClInclude Include="lib\animaciones.h">
      <Filter>Header Files\lib</Filter>
    </ClInclude>
    <ClInclude Include="lib\debug.h">
      <Filter>Header Files\lib</Filter>
    </ClInclude>
    <ClInclude Include="lib\event.h">
      <Filter>Header Files\lib</Filter>
    </ClInclude>
    <ClInclude Include="lib\image_png.h">
      <Filter>Header Files\lib</Filter>
    </ClInclude>
    <ClInclude Include="lib\keyboard.h">
      <Filter>Header Files\lib</Filter>
    </ClInclude>
    <ClInclude Include="lib\keyboard_sdl.h">
      <Filter>Header Files\lib</Filter>
    </ClInclude>
    <ClInclude Include="lib\libreria.h">
      <Filter>Header Files\lib</Filter>
    </ClInclude>
    <ClInclude Include="lib\mouse.h">
      <Filter>Header Files\lib</Filter>
    </ClInclude>
    <ClInclude Include="lib\sound.h">
      <Filter>Header Files\lib</Filter>
    </ClInclude>
    <ClInclude Include="lib\sprites.h">
      <Filter>Header Files\lib</Filter>
    </ClInclude>
    <ClInclude Include="lib\stb_vorbis.h">
      <Filter>Header Files\lib</Filter>
    </ClInclude>
    <ClInclude Include="lib\video.h">
      <Filter>Header Files\lib</Filter>
    </ClInclude>
    <ClInclude Include="lib\Grafic.h">
      <Filter>Header Files\lib</Filter>
    </ClInclude>
    <ClInclude Include="Area.h">
      <Filter>Header Files</Filter>
    </ClInclude>
    <ClInclude Include="Cova.h">
      <Filter>Header Files</Filter>
    </ClInclude>
    <ClInclude Include="Granota.h">
      <Filter>Header Files</Filter>
    </ClInclude>
    <ClInclude Include="Vehicle.h">
      <Filter>Header Files</Filter>
    </ClInclude>
    <ClInclude Include="Pantalla.h">
      <Filter>Header Files</Filter>
    </ClInclude>
    <ClInclude Include="GestioResultats.h">
      <Filter>Header Files</Filter>
    </ClInclude>
    <ClInclude Include="Joc.h">
      <Filter>Header Files</Filter>
    </ClInclude>
    <ClInclude Include="Menu.h">
      <Filter>Header Files</Filter>
    </ClInclude>
    <ClInclude Include="Carril.h">
      <Filter>Header Files</Filter>
    </ClInclude>
    <ClInclude Include="Cua.h">
      <Filter>Header Files</Filter>
    </ClInclude>
    <ClInclude Include="Iterador.h">
      <Filter>Header Files</Filter>
    </ClInclude>
    <ClInclude Include="Node.h">
      <Filter>Header Files</Filter>
    </ClInclude>
  </ItemGroup>
</Project>